
Microsoft Visual Studio Solution File, Format Version 12.00
# Visual Studio 15
VisualStudioVersion = 15.0.28307.329
MinimumVisualStudioVersion = 10.0.40219.1
Project("{9A19103F-16F7-4668-BE54-9A1E7A4F7556}") = "VsExamples.Standard", "VsExamples.Standard\VsExamples.Standard.csproj", "{FA68DB30-CF14-48C8-97E6-7B95F8F55029}"
EndProject
Project("{9A19103F-16F7-4668-BE54-9A1E7A4F7556}") = "VsExamples.Tests", "VsExamples.Tests\VsExamples.Tests.csproj", "{F0715601-1ECF-4E3C-A9F9-BC22ED5C68FD}"
EndProject
Project("{FAE04EC0-301F-11D3-BF4B-00C04F79EFBC}") = "VsExamples.Desttop.Console", "VsExamples.Desttop.Console\VsExamples.Desttop.Console.csproj", "{5ADC926D-A6CD-4BF4-A047-6378BD6B93D7}"
EndProject
Project("{9A19103F-16F7-4668-BE54-9A1E7A4F7556}") = "VsExample.CoreConsole", "VsExample.CoreConsole\VsExample.CoreConsole.csproj", "{90B462DC-B2F1-4AF8-8A95-8521B28680D7}"
EndProject
Project("{FAE04EC0-301F-11D3-BF4B-00C04F79EFBC}") = "VsExamples.DesktopWPF", "VsExamples.DesktopWPF\VsExamples.DesktopWPF.csproj", "{B3860D9C-7BF9-458F-B5AF-49A0E5A88A48}"
EndProject
Project("{9A19103F-16F7-4668-BE54-9A1E7A4F7556}") = "VsExamples.AspRazor", "VsExamples.AspRazor\VsExamples.AspRazor.csproj", "{C9A76D0E-9475-487B-B79C-BC30E5BEC033}"
EndProject
Project("{9A19103F-16F7-4668-BE54-9A1E7A4F7556}") = "VsExample.AspAPI", "VsExample.AspAPI\VsExample.AspAPI.csproj", "{83AC5C03-5883-4DB0-8671-7B2E0D56F9AA}"
EndProject
Project("{2150E333-8FDC-42A3-9474-1A3956D46DE8}") = "Jack.DataScience", "Jack.DataScience", "{80CBFEE3-77EA-4049-8386-A1108310152A}"
EndProject
Project("{9A19103F-16F7-4668-BE54-9A1E7A4F7556}") = "MvcAngular.Generator", "..\Jack.DataScience\Jack.DataScience\MvcAngular.Generator\MvcAngular.Generator.csproj", "{0BF7EE16-8693-445A-8AC1-12CD16B81E5A}"
EndProject
Project("{9092AA53-FB77-4645-B42D-1CCCA6BD08BD}") = "VsExamples.NodeJS", "VsExamples.NodeJS\VsExamples.NodeJS.njsproj", "{1728B401-8850-4FCF-8A4D-961067367234}"
EndProject
Project("{9A19103F-16F7-4668-BE54-9A1E7A4F7556}") = "Jack.DataScience.Http.Password", "..\Jack.DataScience\Jack.DataScience\Jack.DataScience.Http.Password\Jack.DataScience.Http.Password.csproj", "{4E810D2D-93E3-467E-A937-5A11F45317DC}"
EndProject
Project("{9A19103F-16F7-4668-BE54-9A1E7A4F7556}") = "Jack.DataScience.Http.Jwt", "..\Jack.DataScience\Jack.DataScience\Jack.DataScience.Http.Jwt\Jack.DataScience.Http.Jwt.csproj", "{7B8443B4-6FEA-4070-9E8C-C56F04523F94}"
EndProject
Project("{9A19103F-16F7-4668-BE54-9A1E7A4F7556}") = "Jack.DataScience.Common", "..\Jack.DataScience\Jack.DataScience\Jack.DataScience.Common\Jack.DataScience.Common.csproj", "{6A1238FE-E8AA-467D-AF3A-DA7BE9E9BA73}"
EndProject
Project("{9A19103F-16F7-4668-BE54-9A1E7A4F7556}") = "VsExample.Data", "VsExample.Data\VsExample.Data.csproj", "{2B994989-CEEC-4830-A8C5-D066FDA514BB}"
EndProject
Project("{9A19103F-16F7-4668-BE54-9A1E7A4F7556}") = "VsExample.Data.Tests", "VsExample.Data.Tests\VsExample.Data.Tests.csproj", "{1C44208F-7191-4FBD-A711-AD089B0EA4EB}"
EndProject
Project("{9A19103F-16F7-4668-BE54-9A1E7A4F7556}") = "Jack.DataScience.Data.MongoDB", "..\Jack.DataScience\Jack.DataScience\Jack.DataScience.Data.MongoDB\Jack.DataScience.Data.MongoDB.csproj", "{7620486D-1FCC-4F2E-8A70-8F01953D7316}"
EndProject
Project("{9A19103F-16F7-4668-BE54-9A1E7A4F7556}") = "Jack.DataScience.Logging.Serilog", "..\Jack.DataScience\Jack.DataScience\Jack.DataScience.Logging.Serilog\Jack.DataScience.Logging.Serilog.csproj", "{35ECAF5D-9675-46B6-B556-D688729D7C59}"
EndProject
Project("{9A19103F-16F7-4668-BE54-9A1E7A4F7556}") = "Jack.DataScience.Console", "..\Jack.DataScience\Jack.DataScience\Jack.DataScience.Console\Jack.DataScience.Console.csproj", "{0C6F6A0C-7B92-4386-A6B8-68B54A8B26C6}"
EndProject
Project("{9A19103F-16F7-4668-BE54-9A1E7A4F7556}") = "VsExample.AWSFunction", "VsExample.AWSFunction\VsExample.AWSFunction.csproj", "{6C0ECF09-B9BD-4FB5-9EC2-D96505C0C312}"
EndProject
Project("{FAE04EC0-301F-11D3-BF4B-00C04F79EFBC}") = "VsExamples.Athena", "VsExamples.Athena\VsExamples.Athena.csproj", "{EB7B67EA-9AAC-4420-86FE-99F0CE0E165C}"
EndProject
Project("{9A19103F-16F7-4668-BE54-9A1E7A4F7556}") = "Jack.DataScience.Data.CSV", "..\Jack.DataScience\Jack.DataScience\Jack.DataScience.Data.CSV\Jack.DataScience.Data.CSV.csproj", "{78729527-009E-4819-9012-20BD0A124F15}"
EndProject
Project("{9A19103F-16F7-4668-BE54-9A1E7A4F7556}") = "Jack.DataScience.Storage.AWSS3", "..\Jack.DataScience\Jack.DataScience\Jack.DataScience.Storage.AWSS3\Jack.DataScience.Storage.AWSS3.csproj", "{A07E2342-E0EA-4321-ACBB-DA42DC121A4F}"
EndProject
Project("{9A19103F-16F7-4668-BE54-9A1E7A4F7556}") = "Jack.DataScience.Storage.AWSS3.Extensions", "..\Jack.DataScience\Jack.DataScience\Jack.DataScience.Storage.AWSS3.Extensions\Jack.DataScience.Storage.AWSS3.Extensions.csproj", "{8A7B5C5E-7D30-4AE4-9816-671544FC44F0}"
EndProject
Project("{9A19103F-16F7-4668-BE54-9A1E7A4F7556}") = "Jack.DataScience.Data.Parquet", "..\Jack.DataScience\Jack.DataScience\Jack.DataScience.Data.Parquet\Jack.DataScience.Data.Parquet.csproj", "{9FD299B2-5DFE-4AA3-928F-87E1B90126EC}"
EndProject
Project("{9A19103F-16F7-4668-BE54-9A1E7A4F7556}") = "Jack.DataScience.Storage.SFTP", "..\Jack.DataScience\Jack.DataScience\Jack.DataScience.Storage.SFTP\Jack.DataScience.Storage.SFTP.csproj", "{D5910F67-085A-4AF8-9C17-F961BCA3A230}"
EndProject
Project("{9A19103F-16F7-4668-BE54-9A1E7A4F7556}") = "Jack.DataScience.Storage.AzureBlobStorage", "..\Jack.DataScience\Jack.DataScience\Jack.DataScience.Storage.AzureBlobStorage\Jack.DataScience.Storage.AzureBlobStorage.csproj", "{F3F76C7A-554C-4035-899E-F7DB95B575D2}"
EndProject
Project("{FAE04EC0-301F-11D3-BF4B-00C04F79EFBC}") = "VsExamples.Athena.Tests", "VsExamples.Athena.Tests\VsExamples.Athena.Tests.csproj", "{6CA69F81-6D53-4818-9987-5D579C415BF3}"
EndProject
Global
	GlobalSection(SolutionConfigurationPlatforms) = preSolution
		Debug|Any CPU = Debug|Any CPU
		Release|Any CPU = Release|Any CPU
	EndGlobalSection
	GlobalSection(ProjectConfigurationPlatforms) = postSolution
		{FA68DB30-CF14-48C8-97E6-7B95F8F55029}.Debug|Any CPU.ActiveCfg = Debug|Any CPU
		{FA68DB30-CF14-48C8-97E6-7B95F8F55029}.Debug|Any CPU.Build.0 = Debug|Any CPU
		{FA68DB30-CF14-48C8-97E6-7B95F8F55029}.Release|Any CPU.ActiveCfg = Release|Any CPU
		{FA68DB30-CF14-48C8-97E6-7B95F8F55029}.Release|Any CPU.Build.0 = Release|Any CPU
		{F0715601-1ECF-4E3C-A9F9-BC22ED5C68FD}.Debug|Any CPU.ActiveCfg = Debug|Any CPU
		{F0715601-1ECF-4E3C-A9F9-BC22ED5C68FD}.Debug|Any CPU.Build.0 = Debug|Any CPU
		{F0715601-1ECF-4E3C-A9F9-BC22ED5C68FD}.Release|Any CPU.ActiveCfg = Release|Any CPU
		{F0715601-1ECF-4E3C-A9F9-BC22ED5C68FD}.Release|Any CPU.Build.0 = Release|Any CPU
		{5ADC926D-A6CD-4BF4-A047-6378BD6B93D7}.Debug|Any CPU.ActiveCfg = Debug|Any CPU
		{5ADC926D-A6CD-4BF4-A047-6378BD6B93D7}.Debug|Any CPU.Build.0 = Debug|Any CPU
		{5ADC926D-A6CD-4BF4-A047-6378BD6B93D7}.Release|Any CPU.ActiveCfg = Release|Any CPU
		{5ADC926D-A6CD-4BF4-A047-6378BD6B93D7}.Release|Any CPU.Build.0 = Release|Any CPU
		{90B462DC-B2F1-4AF8-8A95-8521B28680D7}.Debug|Any CPU.ActiveCfg = Debug|Any CPU
		{90B462DC-B2F1-4AF8-8A95-8521B28680D7}.Debug|Any CPU.Build.0 = Debug|Any CPU
		{90B462DC-B2F1-4AF8-8A95-8521B28680D7}.Release|Any CPU.ActiveCfg = Release|Any CPU
		{90B462DC-B2F1-4AF8-8A95-8521B28680D7}.Release|Any CPU.Build.0 = Release|Any CPU
		{B3860D9C-7BF9-458F-B5AF-49A0E5A88A48}.Debug|Any CPU.ActiveCfg = Debug|Any CPU
		{B3860D9C-7BF9-458F-B5AF-49A0E5A88A48}.Debug|Any CPU.Build.0 = Debug|Any CPU
		{B3860D9C-7BF9-458F-B5AF-49A0E5A88A48}.Release|Any CPU.ActiveCfg = Release|Any CPU
		{B3860D9C-7BF9-458F-B5AF-49A0E5A88A48}.Release|Any CPU.Build.0 = Release|Any CPU
		{C9A76D0E-9475-487B-B79C-BC30E5BEC033}.Debug|Any CPU.ActiveCfg = Debug|Any CPU
		{C9A76D0E-9475-487B-B79C-BC30E5BEC033}.Debug|Any CPU.Build.0 = Debug|Any CPU
		{C9A76D0E-9475-487B-B79C-BC30E5BEC033}.Release|Any CPU.ActiveCfg = Release|Any CPU
		{C9A76D0E-9475-487B-B79C-BC30E5BEC033}.Release|Any CPU.Build.0 = Release|Any CPU
		{83AC5C03-5883-4DB0-8671-7B2E0D56F9AA}.Debug|Any CPU.ActiveCfg = Debug|Any CPU
		{83AC5C03-5883-4DB0-8671-7B2E0D56F9AA}.Debug|Any CPU.Build.0 = Debug|Any CPU
		{83AC5C03-5883-4DB0-8671-7B2E0D56F9AA}.Release|Any CPU.ActiveCfg = Release|Any CPU
		{83AC5C03-5883-4DB0-8671-7B2E0D56F9AA}.Release|Any CPU.Build.0 = Release|Any CPU
		{0BF7EE16-8693-445A-8AC1-12CD16B81E5A}.Debug|Any CPU.ActiveCfg = Debug|Any CPU
		{0BF7EE16-8693-445A-8AC1-12CD16B81E5A}.Debug|Any CPU.Build.0 = Debug|Any CPU
		{0BF7EE16-8693-445A-8AC1-12CD16B81E5A}.Release|Any CPU.ActiveCfg = Release|Any CPU
		{0BF7EE16-8693-445A-8AC1-12CD16B81E5A}.Release|Any CPU.Build.0 = Release|Any CPU
		{1728B401-8850-4FCF-8A4D-961067367234}.Debug|Any CPU.ActiveCfg = Debug|Any CPU
		{1728B401-8850-4FCF-8A4D-961067367234}.Debug|Any CPU.Build.0 = Debug|Any CPU
		{1728B401-8850-4FCF-8A4D-961067367234}.Release|Any CPU.ActiveCfg = Release|Any CPU
		{1728B401-8850-4FCF-8A4D-961067367234}.Release|Any CPU.Build.0 = Release|Any CPU
		{4E810D2D-93E3-467E-A937-5A11F45317DC}.Debug|Any CPU.ActiveCfg = Debug|Any CPU
		{4E810D2D-93E3-467E-A937-5A11F45317DC}.Debug|Any CPU.Build.0 = Debug|Any CPU
		{4E810D2D-93E3-467E-A937-5A11F45317DC}.Release|Any CPU.ActiveCfg = Release|Any CPU
		{4E810D2D-93E3-467E-A937-5A11F45317DC}.Release|Any CPU.Build.0 = Release|Any CPU
		{7B8443B4-6FEA-4070-9E8C-C56F04523F94}.Debug|Any CPU.ActiveCfg = Debug|Any CPU
		{7B8443B4-6FEA-4070-9E8C-C56F04523F94}.Debug|Any CPU.Build.0 = Debug|Any CPU
		{7B8443B4-6FEA-4070-9E8C-C56F04523F94}.Release|Any CPU.ActiveCfg = Release|Any CPU
		{7B8443B4-6FEA-4070-9E8C-C56F04523F94}.Release|Any CPU.Build.0 = Release|Any CPU
		{6A1238FE-E8AA-467D-AF3A-DA7BE9E9BA73}.Debug|Any CPU.ActiveCfg = Debug|Any CPU
		{6A1238FE-E8AA-467D-AF3A-DA7BE9E9BA73}.Debug|Any CPU.Build.0 = Debug|Any CPU
		{6A1238FE-E8AA-467D-AF3A-DA7BE9E9BA73}.Release|Any CPU.ActiveCfg = Release|Any CPU
		{6A1238FE-E8AA-467D-AF3A-DA7BE9E9BA73}.Release|Any CPU.Build.0 = Release|Any CPU
		{2B994989-CEEC-4830-A8C5-D066FDA514BB}.Debug|Any CPU.ActiveCfg = Debug|Any CPU
		{2B994989-CEEC-4830-A8C5-D066FDA514BB}.Debug|Any CPU.Build.0 = Debug|Any CPU
		{2B994989-CEEC-4830-A8C5-D066FDA514BB}.Release|Any CPU.ActiveCfg = Release|Any CPU
		{2B994989-CEEC-4830-A8C5-D066FDA514BB}.Release|Any CPU.Build.0 = Release|Any CPU
		{1C44208F-7191-4FBD-A711-AD089B0EA4EB}.Debug|Any CPU.ActiveCfg = Debug|Any CPU
		{1C44208F-7191-4FBD-A711-AD089B0EA4EB}.Debug|Any CPU.Build.0 = Debug|Any CPU
		{1C44208F-7191-4FBD-A711-AD089B0EA4EB}.Release|Any CPU.ActiveCfg = Release|Any CPU
		{1C44208F-7191-4FBD-A711-AD089B0EA4EB}.Release|Any CPU.Build.0 = Release|Any CPU
		{7620486D-1FCC-4F2E-8A70-8F01953D7316}.Debug|Any CPU.ActiveCfg = Debug|Any CPU
		{7620486D-1FCC-4F2E-8A70-8F01953D7316}.Debug|Any CPU.Build.0 = Debug|Any CPU
		{7620486D-1FCC-4F2E-8A70-8F01953D7316}.Release|Any CPU.ActiveCfg = Release|Any CPU
		{7620486D-1FCC-4F2E-8A70-8F01953D7316}.Release|Any CPU.Build.0 = Release|Any CPU
		{35ECAF5D-9675-46B6-B556-D688729D7C59}.Debug|Any CPU.ActiveCfg = Debug|Any CPU
		{35ECAF5D-9675-46B6-B556-D688729D7C59}.Debug|Any CPU.Build.0 = Debug|Any CPU
		{35ECAF5D-9675-46B6-B556-D688729D7C59}.Release|Any CPU.ActiveCfg = Release|Any CPU
		{35ECAF5D-9675-46B6-B556-D688729D7C59}.Release|Any CPU.Build.0 = Release|Any CPU
		{0C6F6A0C-7B92-4386-A6B8-68B54A8B26C6}.Debug|Any CPU.ActiveCfg = Debug|Any CPU
		{0C6F6A0C-7B92-4386-A6B8-68B54A8B26C6}.Debug|Any CPU.Build.0 = Debug|Any CPU
		{0C6F6A0C-7B92-4386-A6B8-68B54A8B26C6}.Release|Any CPU.ActiveCfg = Release|Any CPU
		{0C6F6A0C-7B92-4386-A6B8-68B54A8B26C6}.Release|Any CPU.Build.0 = Release|Any CPU
		{6C0ECF09-B9BD-4FB5-9EC2-D96505C0C312}.Debug|Any CPU.ActiveCfg = Debug|Any CPU
		{6C0ECF09-B9BD-4FB5-9EC2-D96505C0C312}.Debug|Any CPU.Build.0 = Debug|Any CPU
		{6C0ECF09-B9BD-4FB5-9EC2-D96505C0C312}.Release|Any CPU.ActiveCfg = Release|Any CPU
		{6C0ECF09-B9BD-4FB5-9EC2-D96505C0C312}.Release|Any CPU.Build.0 = Release|Any CPU
		{EB7B67EA-9AAC-4420-86FE-99F0CE0E165C}.Debug|Any CPU.ActiveCfg = Debug|Any CPU
		{EB7B67EA-9AAC-4420-86FE-99F0CE0E165C}.Debug|Any CPU.Build.0 = Debug|Any CPU
		{EB7B67EA-9AAC-4420-86FE-99F0CE0E165C}.Release|Any CPU.ActiveCfg = Release|Any CPU
		{EB7B67EA-9AAC-4420-86FE-99F0CE0E165C}.Release|Any CPU.Build.0 = Release|Any CPU
		{78729527-009E-4819-9012-20BD0A124F15}.Debug|Any CPU.ActiveCfg = Debug|Any CPU
		{78729527-009E-4819-9012-20BD0A124F15}.Debug|Any CPU.Build.0 = Debug|Any CPU
		{78729527-009E-4819-9012-20BD0A124F15}.Release|Any CPU.ActiveCfg = Release|Any CPU
		{78729527-009E-4819-9012-20BD0A124F15}.Release|Any CPU.Build.0 = Release|Any CPU
		{A07E2342-E0EA-4321-ACBB-DA42DC121A4F}.Debug|Any CPU.ActiveCfg = Debug|Any CPU
		{A07E2342-E0EA-4321-ACBB-DA42DC121A4F}.Debug|Any CPU.Build.0 = Debug|Any CPU
		{A07E2342-E0EA-4321-ACBB-DA42DC121A4F}.Release|Any CPU.ActiveCfg = Release|Any CPU
		{A07E2342-E0EA-4321-ACBB-DA42DC121A4F}.Release|Any CPU.Build.0 = Release|Any CPU
		{8A7B5C5E-7D30-4AE4-9816-671544FC44F0}.Debug|Any CPU.ActiveCfg = Debug|Any CPU
		{8A7B5C5E-7D30-4AE4-9816-671544FC44F0}.Debug|Any CPU.Build.0 = Debug|Any CPU
		{8A7B5C5E-7D30-4AE4-9816-671544FC44F0}.Release|Any CPU.ActiveCfg = Release|Any CPU
		{8A7B5C5E-7D30-4AE4-9816-671544FC44F0}.Release|Any CPU.Build.0 = Release|Any CPU
		{9FD299B2-5DFE-4AA3-928F-87E1B90126EC}.Debug|Any CPU.ActiveCfg = Debug|Any CPU
		{9FD299B2-5DFE-4AA3-928F-87E1B90126EC}.Debug|Any CPU.Build.0 = Debug|Any CPU
		{9FD299B2-5DFE-4AA3-928F-87E1B90126EC}.Release|Any CPU.ActiveCfg = Release|Any CPU
		{9FD299B2-5DFE-4AA3-928F-87E1B90126EC}.Release|Any CPU.Build.0 = Release|Any CPU
		{D5910F67-085A-4AF8-9C17-F961BCA3A230}.Debug|Any CPU.ActiveCfg = Debug|Any CPU
		{D5910F67-085A-4AF8-9C17-F961BCA3A230}.Debug|Any CPU.Build.0 = Debug|Any CPU
		{D5910F67-085A-4AF8-9C17-F961BCA3A230}.Release|Any CPU.ActiveCfg = Release|Any CPU
		{D5910F67-085A-4AF8-9C17-F961BCA3A230}.Release|Any CPU.Build.0 = Release|Any CPU
		{F3F76C7A-554C-4035-899E-F7DB95B575D2}.Debug|Any CPU.ActiveCfg = Debug|Any CPU
		{F3F76C7A-554C-4035-899E-F7DB95B575D2}.Debug|Any CPU.Build.0 = Debug|Any CPU
		{F3F76C7A-554C-4035-899E-F7DB95B575D2}.Release|Any CPU.ActiveCfg = Release|Any CPU
		{F3F76C7A-554C-4035-899E-F7DB95B575D2}.Release|Any CPU.Build.0 = Release|Any CPU
		{6CA69F81-6D53-4818-9987-5D579C415BF3}.Debug|Any CPU.ActiveCfg = Debug|Any CPU
		{6CA69F81-6D53-4818-9987-5D579C415BF3}.Debug|Any CPU.Build.0 = Debug|Any CPU
		{6CA69F81-6D53-4818-9987-5D579C415BF3}.Release|Any CPU.ActiveCfg = Release|Any CPU
		{6CA69F81-6D53-4818-9987-5D579C415BF3}.Release|Any CPU.Build.0 = Release|Any CPU
	EndGlobalSection
	GlobalSection(SolutionProperties) = preSolution
		HideSolutionNode = FALSE
	EndGlobalSection
	GlobalSection(NestedProjects) = preSolution
		{0BF7EE16-8693-445A-8AC1-12CD16B81E5A} = {80CBFEE3-77EA-4049-8386-A1108310152A}
		{4E810D2D-93E3-467E-A937-5A11F45317DC} = {80CBFEE3-77EA-4049-8386-A1108310152A}
		{7B8443B4-6FEA-4070-9E8C-C56F04523F94} = {80CBFEE3-77EA-4049-8386-A1108310152A}
		{6A1238FE-E8AA-467D-AF3A-DA7BE9E9BA73} = {80CBFEE3-77EA-4049-8386-A1108310152A}
		{7620486D-1FCC-4F2E-8A70-8F01953D7316} = {80CBFEE3-77EA-4049-8386-A1108310152A}
		{35ECAF5D-9675-46B6-B556-D688729D7C59} = {80CBFEE3-77EA-4049-8386-A1108310152A}
		{0C6F6A0C-7B92-4386-A6B8-68B54A8B26C6} = {80CBFEE3-77EA-4049-8386-A1108310152A}
		{78729527-009E-4819-9012-20BD0A124F15} = {80CBFEE3-77EA-4049-8386-A1108310152A}
		{A07E2342-E0EA-4321-ACBB-DA42DC121A4F} = {80CBFEE3-77EA-4049-8386-A1108310152A}
		{8A7B5C5E-7D30-4AE4-9816-671544FC44F0} = {80CBFEE3-77EA-4049-8386-A1108310152A}
		{9FD299B2-5DFE-4AA3-928F-87E1B90126EC} = {80CBFEE3-77EA-4049-8386-A1108310152A}
		{D5910F67-085A-4AF8-9C17-F961BCA3A230} = {80CBFEE3-77EA-4049-8386-A1108310152A}
		{F3F76C7A-554C-4035-899E-F7DB95B575D2} = {80CBFEE3-77EA-4049-8386-A1108310152A}
	EndGlobalSection
	GlobalSection(ExtensibilityGlobals) = postSolution
		SolutionGuid = {1D40CE33-D7AC-4A4A-812A-48AC20FE514D}
	EndGlobalSection
EndGlobal
